{
  "name": "genai-bedrock-chatbot",
  "lockfileVersion": 3,
  "requires": true,
  "packages": {
    "": {
      "dependencies": {
        "@aws-cdk/aws-cognito-identitypool-alpha": "^2.175.1-alpha.0",
        "@aws-cdk/aws-lambda-python-alpha": "^2.175.1-alpha.0",
        "@aws-cdk/aws-scheduler-alpha": "^2.175.1-alpha.0",
        "@aws-cdk/aws-scheduler-targets-alpha": "^2.175.1-alpha.0",
        "aws-cdk": "^2.175.1"
      }
    },
    "node_modules/@aws-cdk/asset-awscli-v1": {
      "version": "2.2.219",
      "resolved": "https://registry.npmjs.org/@aws-cdk/asset-awscli-v1/-/asset-awscli-v1-2.2.219.tgz",
      "integrity": "sha512-pwkEucYvK3MjoVShBnCWMLKk8/nAhElEM7OPcen/hSlsYoPRkZeZbPDM2XmTjvfUKWD5TQmobs39iBSrgbb1gg==",
      "license": "Apache-2.0",
      "peer": true
    },
    "node_modules/@aws-cdk/asset-kubectl-v20": {
      "version": "2.1.3",
      "resolved": "https://registry.npmjs.org/@aws-cdk/asset-kubectl-v20/-/asset-kubectl-v20-2.1.3.tgz",
      "integrity": "sha512-cDG1w3ieM6eOT9mTefRuTypk95+oyD7P5X/wRltwmYxU7nZc3+076YEVS6vrjDKr3ADYbfn0lDKpfB1FBtO9CQ==",
      "license": "Apache-2.0",
      "peer": true
    },
    "node_modules/@aws-cdk/asset-node-proxy-agent-v6": {
      "version": "2.1.0",
      "resolved": "https://registry.npmjs.org/@aws-cdk/asset-node-proxy-agent-v6/-/asset-node-proxy-agent-v6-2.1.0.tgz",
      "integrity": "sha512-7bY3J8GCVxLupn/kNmpPc5VJz8grx+4RKfnnJiO1LG+uxkZfANZG3RMHhE+qQxxwkyQ9/MfPtTpf748UhR425A==",
      "license": "Apache-2.0",
      "peer": true
    },
    "node_modules/@aws-cdk/aws-cognito-identitypool-alpha": {
      "version": "2.175.1-alpha.0",
      "resolved": "https://registry.npmjs.org/@aws-cdk/aws-cognito-identitypool-alpha/-/aws-cognito-identitypool-alpha-2.175.1-alpha.0.tgz",
      "integrity": "sha512-da54FuRZylrgdTA4CkZ8ZFMO59JjXC48wtdiAvRPq+sRuzI2kEAMbVeWgvv+Bv9OytuU+GgoQLBSR5bJSHBo7w==",
      "license": "Apache-2.0",
      "engines": {
        "node": ">= 14.15.0"
      },
      "peerDependencies": {
        "aws-cdk-lib": "^2.175.1",
        "constructs": "^10.0.0"
      }
    },
    "node_modules/@aws-cdk/aws-kinesisfirehose-alpha": {
      "version": "2.175.1-alpha.0",
      "resolved": "https://registry.npmjs.org/@aws-cdk/aws-kinesisfirehose-alpha/-/aws-kinesisfirehose-alpha-2.175.1-alpha.0.tgz",
      "integrity": "sha512-xXfjDrNQBh3T3ylFSqXxlxNz0ke6nc1MJvl22c0LUFiJCMiZXRN3gWTAnU1/LKgFqeOVEcjZFo170UuiuPSGuA==",
      "license": "Apache-2.0",
      "peer": true,
      "engines": {
        "node": ">= 14.15.0"
      },
      "peerDependencies": {
        "aws-cdk-lib": "^2.175.1",
        "constructs": "^10.0.0"
      }
    },
    "node_modules/@aws-cdk/aws-kinesisfirehose-destinations-alpha": {
      "version": "2.175.1-alpha.0",
      "resolved": "https://registry.npmjs.org/@aws-cdk/aws-kinesisfirehose-destinations-alpha/-/aws-kinesisfirehose-destinations-alpha-2.175.1-alpha.0.tgz",
      "integrity": "sha512-gtf2+sW2l7iPXRbSbgWg7gatUTX52faPiLtaOIyxtIUnCZ3pGgsEXdfG9l4mDx/iAJ0uzjjMqBEd5sOFZ1HgdQ==",
      "license": "Apache-2.0",
      "peer": true,
      "engines": {
        "node": ">= 14.15.0"
      },
      "peerDependencies": {
        "@aws-cdk/aws-kinesisfirehose-alpha": "2.175.1-alpha.0",
        "aws-cdk-lib": "^2.175.1",
        "constructs": "^10.0.0"
      }
    },
    "node_modules/@aws-cdk/aws-lambda-python-alpha": {
      "version": "2.175.1-alpha.0",
      "resolved": "https://registry.npmjs.org/@aws-cdk/aws-lambda-python-alpha/-/aws-lambda-python-alpha-2.175.1-alpha.0.tgz",
      "integrity": "sha512-nakk6l3P0rt8Z92/0P/BqS2tG7f7dno8W4cQyz9Z+/URLxinbj4h5nWjC8bDUAbK58j244rW/pnOFiZG2mlxSw==",
      "license": "Apache-2.0",
      "engines": {
        "node": ">= 14.15.0"
      },
      "peerDependencies": {
        "aws-cdk-lib": "^2.175.1",
        "constructs": "^10.0.0"
      }
    },
    "node_modules/@aws-cdk/aws-scheduler-alpha": {
      "version": "2.175.1-alpha.0",
      "resolved": "https://registry.npmjs.org/@aws-cdk/aws-scheduler-alpha/-/aws-scheduler-alpha-2.175.1-alpha.0.tgz",
      "integrity": "sha512-mLJJ7+3Wb6xSXV4BNW0nMevXnP7Xtz94N9znU9odLj10W5U67pTTDQfUyDCxwm8Hpe/A4YDT3pQQNBS+Thdseg==",
      "license": "Apache-2.0",
      "engines": {
        "node": ">= 14.15.0"
      },
      "peerDependencies": {
        "aws-cdk-lib": "^2.175.1",
        "constructs": "^10.0.0"
      }
    },
    "node_modules/@aws-cdk/aws-scheduler-targets-alpha": {
      "version": "2.175.1-alpha.0",
      "resolved": "https://registry.npmjs.org/@aws-cdk/aws-scheduler-targets-alpha/-/aws-scheduler-targets-alpha-2.175.1-alpha.0.tgz",
      "integrity": "sha512-t4RaTeIVeh+r6QXgXOTI3ARwBBYEVgnAKBq7rZKuRXN6ohmJFP3bjHNL/vDh5Ks5NXE7YysfhZ/EyIKq9FOXkg==",
      "license": "Apache-2.0",
      "engines": {
        "node": ">= 14.15.0"
      },
      "peerDependencies": {
        "@aws-cdk/aws-kinesisfirehose-alpha": "2.175.1-alpha.0",
        "@aws-cdk/aws-kinesisfirehose-destinations-alpha": "2.175.1-alpha.0",
        "@aws-cdk/aws-scheduler-alpha": "2.175.1-alpha.0",
        "aws-cdk-lib": "^2.175.1",
        "constructs": "^10.0.0"
      }
    },
    "node_modules/@aws-cdk/cloud-assembly-schema": {
      "version": "39.1.46",
      "resolved": "https://registry.npmjs.org/@aws-cdk/cloud-assembly-schema/-/cloud-assembly-schema-39.1.46.tgz",
      "integrity": "sha512-ChqTG6IZX7ya2VYYhM4BkhWXPa+xp3XyfE0++Gt4C5yZnRqVgL4NFjuwVCHwzGup5YHyYLjCXasfJ0hrvwmTzA==",
      "bundleDependencies": [
        "jsonschema",
        "semver"
      ],
      "license": "Apache-2.0",
      "peer": true,
      "dependencies": {
        "jsonschema": "~1.4.1",
        "semver": "^7.6.3"
      }
    },
    "node_modules/@aws-cdk/cloud-assembly-schema/node_modules/jsonschema": {
      "version": "1.4.1",
      "inBundle": true,
      "license": "MIT",
      "peer": true,
      "engines": {
        "node": "*"
      }
    },
    "node_modules/@aws-cdk/cloud-assembly-schema/node_modules/semver": {
      "version": "7.6.3",
      "inBundle": true,
      "license": "ISC",
      "peer": true,
      "bin": {
        "semver": "bin/semver.js"
      },
      "engines": {
        "node": ">=10"
      }
    },
    "node_modules/aws-cdk": {
      "version": "2.175.1",
      "resolved": "https://registry.npmjs.org/aws-cdk/-/aws-cdk-2.175.1.tgz",
      "integrity": "sha512-duvy0FtGAAYqJi/x0MjBfCp60ZlDYl0X5/GrADwMz4AfHQ8aTXCyaVsdJuCxz0ZMHSNaFRuCNkAlc2Xu43zQmQ==",
      "license": "Apache-2.0",
      "bin": {
        "cdk": "bin/cdk"
      },
      "engines": {
        "node": ">= 14.15.0"
      },
      "optionalDependencies": {
        "fsevents": "2.3.2"
      }
    },
    "node_modules/aws-cdk-lib": {
      "version": "2.175.1",
      "resolved": "https://registry.npmjs.org/aws-cdk-lib/-/aws-cdk-lib-2.175.1.tgz",
      "integrity": "sha512-2OiZDUeuAA5nBrWKxQVT0CHrQmLLx7SIpUeqyKRLEdiYPFlj3nCd/0KcVpsy6hPKS+IZp7Qm1kghmGMsV6JGoA==",
      "bundleDependencies": [
        "@balena/dockerignore",
        "case",
        "fs-extra",
        "ignore",
        "jsonschema",
        "minimatch",
        "punycode",
        "semver",
        "table",
        "yaml",
        "mime-types"
      ],
      "license": "Apache-2.0",
      "peer": true,
      "dependencies": {
        "@aws-cdk/asset-awscli-v1": "^2.2.208",
        "@aws-cdk/asset-kubectl-v20": "^2.1.3",
        "@aws-cdk/asset-node-proxy-agent-v6": "^2.1.0",
        "@aws-cdk/cloud-assembly-schema": "^39.0.1",
        "@balena/dockerignore": "^1.0.2",
        "case": "1.6.3",
        "fs-extra": "^11.2.0",
        "ignore": "^5.3.2",
        "jsonschema": "^1.4.1",
        "mime-types": "^2.1.35",
        "minimatch": "^3.1.2",
        "punycode": "^2.3.1",
        "semver": "^7.6.3",
        "table": "^6.8.2",
        "yaml": "1.10.2"
      },
      "engines": {
        "node": ">= 14.15.0"
      },
      "peerDependencies": {
        "constructs": "^10.0.0"
      }
    },
    "node_modules/aws-cdk-lib/node_modules/@balena/dockerignore": {
      "version": "1.0.2",
      "inBundle": true,
      "license": "Apache-2.0",
      "peer": true
    },
    "node_modules/aws-cdk-lib/node_modules/ajv": {
      "version": "8.17.1",
      "inBundle": true,
      "license": "MIT",
      "peer": true,
      "dependencies": {
        "fast-deep-equal": "^3.1.3",
        "fast-uri": "^3.0.1",
        "json-schema-traverse": "^1.0.0",
        "require-from-string": "^2.0.2"
      },
      "funding": {
        "type": "github",
        "url": "https://github.com/sponsors/epoberezkin"
      }
    },
    "node_modules/aws-cdk-lib/node_modules/ansi-regex": {
      "version": "5.0.1",
      "inBundle": true,
      "license": "MIT",
      "peer": true,
      "engines": {
        "node": ">=8"
      }
    },
    "node_modules/aws-cdk-lib/node_modules/ansi-styles": {
      "version": "4.3.0",
      "inBundle": true,
      "license": "MIT",
      "peer": true,
      "dependencies": {
        "color-convert": "^2.0.1"
      },
      "engines": {
        "node": ">=8"
      },
      "funding": {
        "url": "https://github.com/chalk/ansi-styles?sponsor=1"
      }
    },
    "node_modules/aws-cdk-lib/node_modules/astral-regex": {
      "version": "2.0.0",
      "inBundle": true,
      "license": "MIT",
      "peer": true,
      "engines": {
        "node": ">=8"
      }
    },
    "node_modules/aws-cdk-lib/node_modules/balanced-match": {
      "version": "1.0.2",
      "inBundle": true,
      "license": "MIT",
      "peer": true
    },
    "node_modules/aws-cdk-lib/node_modules/brace-expansion": {
      "version": "1.1.11",
      "inBundle": true,
      "license": "MIT",
      "peer": true,
      "dependencies": {
        "balanced-match": "^1.0.0",
        "concat-map": "0.0.1"
      }
    },
    "node_modules/aws-cdk-lib/node_modules/case": {
      "version": "1.6.3",
      "inBundle": true,
      "license": "(MIT OR GPL-3.0-or-later)",
      "peer": true,
      "engines": {
        "node": ">= 0.8.0"
      }
    },
    "node_modules/aws-cdk-lib/node_modules/color-convert": {
      "version": "2.0.1",
      "inBundle": true,
      "license": "MIT",
      "peer": true,
      "dependencies": {
        "color-name": "~1.1.4"
      },
      "engines": {
        "node": ">=7.0.0"
      }
    },
    "node_modules/aws-cdk-lib/node_modules/color-name": {
      "version": "1.1.4",
      "inBundle": true,
      "license": "MIT",
      "peer": true
    },
    "node_modules/aws-cdk-lib/node_modules/concat-map": {
      "version": "0.0.1",
      "inBundle": true,
      "license": "MIT",
      "peer": true
    },
    "node_modules/aws-cdk-lib/node_modules/emoji-regex": {
      "version": "8.0.0",
      "inBundle": true,
      "license": "MIT",
      "peer": true
    },
    "node_modules/aws-cdk-lib/node_modules/fast-deep-equal": {
      "version": "3.1.3",
      "inBundle": true,
      "license": "MIT",
      "peer": true
    },
    "node_modules/aws-cdk-lib/node_modules/fast-uri": {
      "version": "3.0.3",
      "inBundle": true,
      "license": "BSD-3-Clause",
      "peer": true
    },
    "node_modules/aws-cdk-lib/node_modules/fs-extra": {
      "version": "11.2.0",
      "inBundle": true,
      "license": "MIT",
      "peer": true,
      "dependencies": {
        "graceful-fs": "^4.2.0",
        "jsonfile": "^6.0.1",
        "universalify": "^2.0.0"
      },
      "engines": {
        "node": ">=14.14"
      }
    },
    "node_modules/aws-cdk-lib/node_modules/graceful-fs": {
      "version": "4.2.11",
      "inBundle": true,
      "license": "ISC",
      "peer": true
    },
    "node_modules/aws-cdk-lib/node_modules/ignore": {
      "version": "5.3.2",
      "inBundle": true,
      "license": "MIT",
      "peer": true,
      "engines": {
        "node": ">= 4"
      }
    },
    "node_modules/aws-cdk-lib/node_modules/is-fullwidth-code-point": {
      "version": "3.0.0",
      "inBundle": true,
      "license": "MIT",
      "peer": true,
      "engines": {
        "node": ">=8"
      }
    },
    "node_modules/aws-cdk-lib/node_modules/json-schema-traverse": {
      "version": "1.0.0",
      "inBundle": true,
      "license": "MIT",
      "peer": true
    },
    "node_modules/aws-cdk-lib/node_modules/jsonfile": {
      "version": "6.1.0",
      "inBundle": true,
      "license": "MIT",
      "peer": true,
      "dependencies": {
        "universalify": "^2.0.0"
      },
      "optionalDependencies": {
        "graceful-fs": "^4.1.6"
      }
    },
    "node_modules/aws-cdk-lib/node_modules/jsonschema": {
      "version": "1.4.1",
      "inBundle": true,
      "license": "MIT",
      "peer": true,
      "engines": {
        "node": "*"
      }
    },
    "node_modules/aws-cdk-lib/node_modules/lodash.truncate": {
      "version": "4.4.2",
      "inBundle": true,
      "license": "MIT",
      "peer": true
    },
    "node_modules/aws-cdk-lib/node_modules/mime-db": {
      "version": "1.52.0",
      "inBundle": true,
      "license": "MIT",
      "peer": true,
      "engines": {
        "node": ">= 0.6"
      }
    },
    "node_modules/aws-cdk-lib/node_modules/mime-types": {
      "version": "2.1.35",
      "inBundle": true,
      "license": "MIT",
      "peer": true,
      "dependencies": {
        "mime-db": "1.52.0"
      },
      "engines": {
        "node": ">= 0.6"
      }
    },
    "node_modules/aws-cdk-lib/node_modules/minimatch": {
      "version": "3.1.2",
      "inBundle": true,
      "license": "ISC",
      "peer": true,
      "dependencies": {
        "brace-expansion": "^1.1.7"
      },
      "engines": {
        "node": "*"
      }
    },
    "node_modules/aws-cdk-lib/node_modules/punycode": {
      "version": "2.3.1",
      "inBundle": true,
      "license": "MIT",
      "peer": true,
      "engines": {
        "node": ">=6"
      }
    },
    "node_modules/aws-cdk-lib/node_modules/require-from-string": {
      "version": "2.0.2",
      "inBundle": true,
      "license": "MIT",
      "peer": true,
      "engines": {
        "node": ">=0.10.0"
      }
    },
    "node_modules/aws-cdk-lib/node_modules/semver": {
      "version": "7.6.3",
      "inBundle": true,
      "license": "ISC",
      "peer": true,
      "bin": {
        "semver": "bin/semver.js"
      },
      "engines": {
        "node": ">=10"
      }
    },
    "node_modules/aws-cdk-lib/node_modules/slice-ansi": {
      "version": "4.0.0",
      "inBundle": true,
      "license": "MIT",
      "peer": true,
      "dependencies": {
        "ansi-styles": "^4.0.0",
        "astral-regex": "^2.0.0",
        "is-fullwidth-code-point": "^3.0.0"
      },
      "engines": {
        "node": ">=10"
      },
      "funding": {
        "url": "https://github.com/chalk/slice-ansi?sponsor=1"
      }
    },
    "node_modules/aws-cdk-lib/node_modules/string-width": {
      "version": "4.2.3",
      "inBundle": true,
      "license": "MIT",
      "peer": true,
      "dependencies": {
        "emoji-regex": "^8.0.0",
        "is-fullwidth-code-point": "^3.0.0",
        "strip-ansi": "^6.0.1"
      },
      "engines": {
        "node": ">=8"
      }
    },
    "node_modules/aws-cdk-lib/node_modules/strip-ansi": {
      "version": "6.0.1",
      "inBundle": true,
      "license": "MIT",
      "peer": true,
      "dependencies": {
        "ansi-regex": "^5.0.1"
      },
      "engines": {
        "node": ">=8"
      }
    },
    "node_modules/aws-cdk-lib/node_modules/table": {
      "version": "6.8.2",
      "inBundle": true,
      "license": "BSD-3-Clause",
      "peer": true,
      "dependencies": {
        "ajv": "^8.0.1",
        "lodash.truncate": "^4.4.2",
        "slice-ansi": "^4.0.0",
        "string-width": "^4.2.3",
        "strip-ansi": "^6.0.1"
      },
      "engines": {
        "node": ">=10.0.0"
      }
    },
    "node_modules/aws-cdk-lib/node_modules/universalify": {
      "version": "2.0.1",
      "inBundle": true,
      "license": "MIT",
      "peer": true,
      "engines": {
        "node": ">= 10.0.0"
      }
    },
    "node_modules/aws-cdk-lib/node_modules/yaml": {
      "version": "1.10.2",
      "inBundle": true,
      "license": "ISC",
      "peer": true,
      "engines": {
        "node": ">= 6"
      }
    },
    "node_modules/constructs": {
      "version": "10.4.2",
      "resolved": "https://registry.npmjs.org/constructs/-/constructs-10.4.2.tgz",
      "integrity": "sha512-wsNxBlAott2qg8Zv87q3eYZYgheb9lchtBfjHzzLHtXbttwSrHPs1NNQbBrmbb1YZvYg2+Vh0Dor76w4mFxJkA==",
      "license": "Apache-2.0",
      "peer": true
    },
    "node_modules/fsevents": {
      "version": "2.3.2",
      "resolved": "https://registry.npmjs.org/fsevents/-/fsevents-2.3.2.tgz",
      "integrity": "sha512-xiqMQR4xAeHTuB9uWm+fFRcIOgKBMiOBP+eXiyT7jsgVCq1bkVygt00oASowB7EdtpOHaaPgKt812P9ab+DDKA==",
      "hasInstallScript": true,
      "license": "MIT",
      "optional": true,
      "os": [
        "darwin"
      ],
      "engines": {
        "node": "^8.16.0 || ^10.6.0 || >=11.0.0"
      }
    }
  }
}
